
Microsoft Visual Studio Solution File, Format Version 12.00
# Visual Studio Version 16
VisualStudioVersion = 16.0.29709.97
MinimumVisualStudioVersion = 10.0.40219.1
Project("{FAE04EC0-301F-11D3-BF4B-00C04F79EFBC}") = "Web", "Web\Web.csproj", "{1D86585C-3FB5-4E09-92BD-B70802E3B1F8}"
EndProject
Project("{2150E333-8FDC-42A3-9474-1A3956D46DE8}") = "Solution Items", "Solution Items", "{021533D8-0142-43EE-87DD-D18147B1199C}"
EndProject
Project("{2150E333-8FDC-42A3-9474-1A3956D46DE8}") = "DatabaseChanges", "DatabaseChanges", "{CFEE2ECD-DADD-40AA-8B76-0948D0DCE50D}"
	ProjectSection(SolutionItems) = preProject
		C:\Users\adina\Downloads\x\x\DatabaseChanges\data.sql = C:\Users\adina\Downloads\x\x\DatabaseChanges\data.sql
		C:\Users\adina\Downloads\x\x\DatabaseChanges\dbStructure.sql = C:\Users\adina\Downloads\x\x\DatabaseChanges\dbStructure.sql
		C:\Users\adina\Downloads\x\x\DatabaseChanges\design.jpg = C:\Users\adina\Downloads\x\x\DatabaseChanges\design.jpg
	EndProjectSection
EndProject
Project("{FAE04EC0-301F-11D3-BF4B-00C04F79EFBC}") = "Entities", "Entities\Entities.csproj", "{F56A20C8-D009-4454-9AF3-4C4DCB56752B}"
EndProject
Project("{FAE04EC0-301F-11D3-BF4B-00C04F79EFBC}") = "DataAccess", "DataAccess\DataAccess.csproj", "{7A88DF1A-A714-4ECF-B345-48924E3673B4}"
EndProject
Project("{FAE04EC0-301F-11D3-BF4B-00C04F79EFBC}") = "Services", "Services\Services.csproj", "{037DCD51-D527-4A78-BFEB-5EF2430A4AFF}"
EndProject
Project("{FAE04EC0-301F-11D3-BF4B-00C04F79EFBC}") = "Services.Tests", "Services.Tests\Services.Tests.csproj", "{2E0CB8F6-C090-41E6-96EE-169A2AF4CBC1}"
EndProject
Global
	GlobalSection(SolutionConfigurationPlatforms) = preSolution
		Debug|Any CPU = Debug|Any CPU
		Release|Any CPU = Release|Any CPU
	EndGlobalSection
	GlobalSection(ProjectConfigurationPlatforms) = postSolution
		{1D86585C-3FB5-4E09-92BD-B70802E3B1F8}.Debug|Any CPU.ActiveCfg = Debug|Any CPU
		{1D86585C-3FB5-4E09-92BD-B70802E3B1F8}.Debug|Any CPU.Build.0 = Debug|Any CPU
		{1D86585C-3FB5-4E09-92BD-B70802E3B1F8}.Release|Any CPU.ActiveCfg = Release|Any CPU
		{1D86585C-3FB5-4E09-92BD-B70802E3B1F8}.Release|Any CPU.Build.0 = Release|Any CPU
		{F56A20C8-D009-4454-9AF3-4C4DCB56752B}.Debug|Any CPU.ActiveCfg = Debug|Any CPU
		{F56A20C8-D009-4454-9AF3-4C4DCB56752B}.Debug|Any CPU.Build.0 = Debug|Any CPU
		{F56A20C8-D009-4454-9AF3-4C4DCB56752B}.Release|Any CPU.ActiveCfg = Release|Any CPU
		{F56A20C8-D009-4454-9AF3-4C4DCB56752B}.Release|Any CPU.Build.0 = Release|Any CPU
		{7A88DF1A-A714-4ECF-B345-48924E3673B4}.Debug|Any CPU.ActiveCfg = Debug|Any CPU
		{7A88DF1A-A714-4ECF-B345-48924E3673B4}.Debug|Any CPU.Build.0 = Debug|Any CPU
		{7A88DF1A-A714-4ECF-B345-48924E3673B4}.Release|Any CPU.ActiveCfg = Release|Any CPU
		{7A88DF1A-A714-4ECF-B345-48924E3673B4}.Release|Any CPU.Build.0 = Release|Any CPU
		{037DCD51-D527-4A78-BFEB-5EF2430A4AFF}.Debug|Any CPU.ActiveCfg = Debug|Any CPU
		{037DCD51-D527-4A78-BFEB-5EF2430A4AFF}.Debug|Any CPU.Build.0 = Debug|Any CPU
		{037DCD51-D527-4A78-BFEB-5EF2430A4AFF}.Release|Any CPU.ActiveCfg = Release|Any CPU
		{037DCD51-D527-4A78-BFEB-5EF2430A4AFF}.Release|Any CPU.Build.0 = Release|Any CPU
		{2E0CB8F6-C090-41E6-96EE-169A2AF4CBC1}.Debug|Any CPU.ActiveCfg = Debug|Any CPU
		{2E0CB8F6-C090-41E6-96EE-169A2AF4CBC1}.Debug|Any CPU.Build.0 = Debug|Any CPU
		{2E0CB8F6-C090-41E6-96EE-169A2AF4CBC1}.Release|Any CPU.ActiveCfg = Release|Any CPU
		{2E0CB8F6-C090-41E6-96EE-169A2AF4CBC1}.Release|Any CPU.Build.0 = Release|Any CPU
	EndGlobalSection
	GlobalSection(SolutionProperties) = preSolution
		HideSolutionNode = FALSE
	EndGlobalSection
	GlobalSection(NestedProjects) = preSolution
		{CFEE2ECD-DADD-40AA-8B76-0948D0DCE50D} = {021533D8-0142-43EE-87DD-D18147B1199C}
	EndGlobalSection
	GlobalSection(ExtensibilityGlobals) = postSolution
		SolutionGuid = {AA2A4C11-9D5C-44EB-8802-2194387EFE0C}
	EndGlobalSection
EndGlobal
